
Microsoft Visual Studio Solution File, Format Version 12.00
# Visual Studio 2012
Project("{D2ABAB84-BF74-430A-B69E-9DC6D40DDA17}") = "Internet Sales", "Internet Sales\Internet Sales.dwproj", "{B7C42842-3EB8-4975-8F67-44F21B5C61A9}"
EndProject
Global
	GlobalSection(TeamFoundationVersionControl) = preSolution
		SccNumberOfProjects = 2
		SccEnterpriseProvider = {4CA58AB2-18FA-4F8D-95D4-32DDF27D184C}
		SccTeamFoundationServer = http://dev-tfs2012:8080/tfs/defaultcollection
		SccLocalPath0 = .
		SccProjectUniqueName1 = Internet\u0020Sales\\Internet\u0020Sales.dwproj
		SccProjectName1 = Internet\u0020Sales
		SccLocalPath1 = Internet\u0020Sales
	EndGlobalSection
	GlobalSection(SolutionConfigurationPlatforms) = preSolution
		Development|Default = Development|Default
	EndGlobalSection
	GlobalSection(ProjectConfigurationPlatforms) = postSolution
		{B7C42842-3EB8-4975-8F67-44F21B5C61A9}.Development|Default.ActiveCfg = Development
		{B7C42842-3EB8-4975-8F67-44F21B5C61A9}.Development|Default.Build.0 = Development
		{B7C42842-3EB8-4975-8F67-44F21B5C61A9}.Development|Default.Deploy.0 = Development
	EndGlobalSection
	GlobalSection(SolutionProperties) = preSolution
		HideSolutionNode = FALSE
	EndGlobalSection
EndGlobal
