
Microsoft Visual Studio Solution File, Format Version 12.00
# Visual Studio 2012
Project("{D2ABAB84-BF74-430A-B69E-9DC6D40DDA17}") = "AdventureWorksDW2012Multidimensional-EE", "AdventureWorksDW2012Multidimensional-EE\AdventureWorksDW2012Multidimensional-EE.dwproj", "{EC09F1C7-9DED-4C03-9C92-AFFE2330E166}"
EndProject
Global
	GlobalSection(TeamFoundationVersionControl) = preSolution
		SccNumberOfProjects = 2
		SccEnterpriseProvider = {4CA58AB2-18FA-4F8D-95D4-32DDF27D184C}
		SccTeamFoundationServer = http://dev-tfs2012:8080/tfs/defaultcollection
		SccLocalPath0 = .
		SccProjectUniqueName1 = AdventureWorksDW2012Multidimensional-EE\\AdventureWorksDW2012Multidimensional-EE.dwproj
		SccProjectName1 = AdventureWorksDW2012Multidimensional-EE
		SccLocalPath1 = AdventureWorksDW2012Multidimensional-EE
	EndGlobalSection
	GlobalSection(SolutionConfigurationPlatforms) = preSolution
		Development|Default = Development|Default
	EndGlobalSection
	GlobalSection(ProjectConfigurationPlatforms) = postSolution
		{EC09F1C7-9DED-4C03-9C92-AFFE2330E166}.Development|Default.ActiveCfg = Development
		{EC09F1C7-9DED-4C03-9C92-AFFE2330E166}.Development|Default.Build.0 = Development
		{EC09F1C7-9DED-4C03-9C92-AFFE2330E166}.Development|Default.Deploy.0 = Development
	EndGlobalSection
	GlobalSection(SolutionProperties) = preSolution
		HideSolutionNode = FALSE
	EndGlobalSection
EndGlobal
