
Microsoft Visual Studio Solution File, Format Version 12.00
# Visual Studio 2012
Project("{D2ABAB84-BF74-430A-B69E-9DC6D40DDA17}") = "BasicDataMining", "BasicDataMining\BasicDataMining.dwproj", "{3752A0E2-79DA-4145-B9B2-929FDF8623B5}"
EndProject
Global
	GlobalSection(TeamFoundationVersionControl) = preSolution
		SccNumberOfProjects = 2
		SccEnterpriseProvider = {4CA58AB2-18FA-4F8D-95D4-32DDF27D184C}
		SccTeamFoundationServer = http://dev-tfs2012:8080/tfs/defaultcollection
		SccLocalPath0 = .
		SccProjectUniqueName1 = BasicDataMining\\BasicDataMining.dwproj
		SccProjectName1 = BasicDataMining
		SccLocalPath1 = BasicDataMining
	EndGlobalSection
	GlobalSection(SolutionConfigurationPlatforms) = preSolution
		Development|Default = Development|Default
	EndGlobalSection
	GlobalSection(ProjectConfigurationPlatforms) = postSolution
		{3752A0E2-79DA-4145-B9B2-929FDF8623B5}.Development|Default.ActiveCfg = Development
		{3752A0E2-79DA-4145-B9B2-929FDF8623B5}.Development|Default.Build.0 = Development
		{3752A0E2-79DA-4145-B9B2-929FDF8623B5}.Development|Default.Deploy.0 = Development
	EndGlobalSection
	GlobalSection(SolutionProperties) = preSolution
		HideSolutionNode = FALSE
	EndGlobalSection
EndGlobal
