
Microsoft Visual Studio Solution File, Format Version 12.00
# Visual Studio 2012
Project("{D2ABAB84-BF74-430A-B69E-9DC6D40DDA17}") = "fact_bill_monthly_activity_rollup", "fact_bill_monthly_activity_rollup\fact_bill_monthly_activity_rollup.dwproj", "{86103DEB-43B6-41F2-8DD5-4365628FDA4A}"
EndProject
Global
	GlobalSection(TeamFoundationVersionControl) = preSolution
		SccNumberOfProjects = 2
		SccEnterpriseProvider = {4CA58AB2-18FA-4F8D-95D4-32DDF27D184C}
		SccTeamFoundationServer = http://dev-tfs2012:8080/tfs/defaultcollection
		SccLocalPath0 = .
		SccProjectUniqueName1 = fact_bill_monthly_activity_rollup\\fact_bill_monthly_activity_rollup.dwproj
		SccProjectName1 = fact_bill_monthly_activity_rollup
		SccLocalPath1 = fact_bill_monthly_activity_rollup
	EndGlobalSection
	GlobalSection(SolutionConfigurationPlatforms) = preSolution
		Development|Default = Development|Default
	EndGlobalSection
	GlobalSection(ProjectConfigurationPlatforms) = postSolution
		{86103DEB-43B6-41F2-8DD5-4365628FDA4A}.Development|Default.ActiveCfg = Development
		{86103DEB-43B6-41F2-8DD5-4365628FDA4A}.Development|Default.Build.0 = Development
		{86103DEB-43B6-41F2-8DD5-4365628FDA4A}.Development|Default.Deploy.0 = Development
	EndGlobalSection
	GlobalSection(SolutionProperties) = preSolution
		HideSolutionNode = FALSE
	EndGlobalSection
EndGlobal
