
Microsoft Visual Studio Solution File, Format Version 12.00
# Visual Studio 2012
Project("{D2ABAB84-BF74-430A-B69E-9DC6D40DDA17}") = "red_as_dw_time_cubes", "time_cubes\red_as_dw_time_cubes.dwproj", "{CD7ECFC0-35CA-47FF-B2C3-88C241DA02AF}"
EndProject
Global
	GlobalSection(TeamFoundationVersionControl) = preSolution
		SccNumberOfProjects = 2
		SccEnterpriseProvider = {4CA58AB2-18FA-4F8D-95D4-32DDF27D184C}
		SccTeamFoundationServer = http://10.0.20.22:8080/tfs/defaultcollection
		SccLocalPath0 = .
		SccProjectUniqueName1 = time_cubes\\red_as_dw_time_cubes.dwproj
		SccProjectName1 = time_cubes
		SccLocalPath1 = time_cubes
	EndGlobalSection
	GlobalSection(SolutionConfigurationPlatforms) = preSolution
		Development|Default = Development|Default
	EndGlobalSection
	GlobalSection(ProjectConfigurationPlatforms) = postSolution
		{CD7ECFC0-35CA-47FF-B2C3-88C241DA02AF}.Development|Default.ActiveCfg = Development
		{CD7ECFC0-35CA-47FF-B2C3-88C241DA02AF}.Development|Default.Build.0 = Development
		{CD7ECFC0-35CA-47FF-B2C3-88C241DA02AF}.Development|Default.Deploy.0 = Development
	EndGlobalSection
	GlobalSection(SolutionProperties) = preSolution
		HideSolutionNode = FALSE
	EndGlobalSection
EndGlobal
