
Microsoft Visual Studio Solution File, Format Version 12.00
# Visual Studio 2012
Project("{D2ABAB84-BF74-430A-B69E-9DC6D40DDA17}") = "Cash Flow", "Cash Flow\Cash Flow.dwproj", "{D8D88B4B-CA2E-45B1-84B3-75E92817818B}"
EndProject
Global
	GlobalSection(TeamFoundationVersionControl) = preSolution
		SccNumberOfProjects = 2
		SccEnterpriseProvider = {4CA58AB2-18FA-4F8D-95D4-32DDF27D184C}
		SccTeamFoundationServer = http://dev-tfs2012:8080/tfs/defaultcollection
		SccLocalPath0 = .
		SccProjectUniqueName1 = Cash\u0020Flow\\Cash\u0020Flow.dwproj
		SccProjectName1 = Cash\u0020Flow
		SccLocalPath1 = Cash\u0020Flow
	EndGlobalSection
	GlobalSection(SolutionConfigurationPlatforms) = preSolution
		Development|Default = Development|Default
	EndGlobalSection
	GlobalSection(ProjectConfigurationPlatforms) = postSolution
		{D8D88B4B-CA2E-45B1-84B3-75E92817818B}.Development|Default.ActiveCfg = Development
		{D8D88B4B-CA2E-45B1-84B3-75E92817818B}.Development|Default.Build.0 = Development
		{D8D88B4B-CA2E-45B1-84B3-75E92817818B}.Development|Default.Deploy.0 = Development
	EndGlobalSection
	GlobalSection(SolutionProperties) = preSolution
		HideSolutionNode = FALSE
	EndGlobalSection
EndGlobal
