
Microsoft Visual Studio Solution File, Format Version 12.00
# Visual Studio 2012
Project("{6870E480-7721-4708-BFB8-9AE898AA21B3}") = "AdventureWorks Tabular Model SQL 2012", "AdventureWorks Tabular Model SQL 2012\AdventureWorks Tabular Model SQL 2012.smproj", "{7274EFCC-E7DF-40AD-83DF-1DFD5B954E67}"
EndProject
Global
	GlobalSection(TeamFoundationVersionControl) = preSolution
		SccNumberOfProjects = 2
		SccEnterpriseProvider = {4CA58AB2-18FA-4F8D-95D4-32DDF27D184C}
		SccTeamFoundationServer = http://dev-tfs2012:8080/tfs/defaultcollection
		SccLocalPath0 = .
		SccProjectUniqueName1 = AdventureWorks\u0020Tabular\u0020Model\u0020SQL\u00202012\\AdventureWorks\u0020Tabular\u0020Model\u0020SQL\u00202012.smproj
		SccProjectName1 = AdventureWorks\u0020Tabular\u0020Model\u0020SQL\u00202012
		SccLocalPath1 = AdventureWorks\u0020Tabular\u0020Model\u0020SQL\u00202012
	EndGlobalSection
	GlobalSection(SolutionConfigurationPlatforms) = preSolution
		Development|x86 = Development|x86
	EndGlobalSection
	GlobalSection(ProjectConfigurationPlatforms) = postSolution
		{7274EFCC-E7DF-40AD-83DF-1DFD5B954E67}.Development|x86.ActiveCfg = Development|x86
		{7274EFCC-E7DF-40AD-83DF-1DFD5B954E67}.Development|x86.Build.0 = Development|x86
		{7274EFCC-E7DF-40AD-83DF-1DFD5B954E67}.Development|x86.Deploy.0 = Development|x86
	EndGlobalSection
	GlobalSection(SolutionProperties) = preSolution
		HideSolutionNode = FALSE
	EndGlobalSection
EndGlobal
