
Microsoft Visual Studio Solution File, Format Version 12.00
# Visual Studio 2012
Project("{D2ABAB84-BF74-430A-B69E-9DC6D40DDA17}") = "red_as_dw_billable_hours", "red_as_dw_billable_hours\red_as_dw_billable_hours.dwproj", "{191EFB61-5AC1-4633-B9DD-6982F11A361D}"
EndProject
Global
	GlobalSection(TeamFoundationVersionControl) = preSolution
		SccNumberOfProjects = 2
		SccEnterpriseProvider = {4CA58AB2-18FA-4F8D-95D4-32DDF27D184C}
		SccTeamFoundationServer = http://dev-tfs2012:8080/tfs/defaultcollection
		SccLocalPath0 = .
		SccProjectUniqueName1 = red_as_dw_billable_hours\\red_as_dw_billable_hours.dwproj
		SccProjectName1 = red_as_dw_billable_hours
		SccLocalPath1 = red_as_dw_billable_hours
	EndGlobalSection
	GlobalSection(SolutionConfigurationPlatforms) = preSolution
		Development|Default = Development|Default
	EndGlobalSection
	GlobalSection(ProjectConfigurationPlatforms) = postSolution
		{191EFB61-5AC1-4633-B9DD-6982F11A361D}.Development|Default.ActiveCfg = Development
		{191EFB61-5AC1-4633-B9DD-6982F11A361D}.Development|Default.Build.0 = Development
		{191EFB61-5AC1-4633-B9DD-6982F11A361D}.Development|Default.Deploy.0 = Development
	EndGlobalSection
	GlobalSection(SolutionProperties) = preSolution
		HideSolutionNode = FALSE
	EndGlobalSection
EndGlobal
