
Microsoft Visual Studio Solution File, Format Version 11.00
# Visual Studio 2010
Project("{D2ABAB84-BF74-430A-B69E-9DC6D40DDA17}") = "red_as_dw", "fact_bill_activity_monthly_rollup\red_as_dw.dwproj", "{D38E038B-BCC5-4E34-BF6C-69CA7B1B1AB6}"
EndProject
Global
	GlobalSection(SolutionConfigurationPlatforms) = preSolution
		Development|Default = Development|Default
	EndGlobalSection
	GlobalSection(ProjectConfigurationPlatforms) = postSolution
		{D38E038B-BCC5-4E34-BF6C-69CA7B1B1AB6}.Development|Default.ActiveCfg = Development
		{D38E038B-BCC5-4E34-BF6C-69CA7B1B1AB6}.Development|Default.Build.0 = Development
		{D38E038B-BCC5-4E34-BF6C-69CA7B1B1AB6}.Development|Default.Deploy.0 = Development
	EndGlobalSection
	GlobalSection(SolutionProperties) = preSolution
		HideSolutionNode = FALSE
	EndGlobalSection
EndGlobal
