
Microsoft Visual Studio Solution File, Format Version 12.00
# Visual Studio 2012
Project("{D2ABAB84-BF74-430A-B69E-9DC6D40DDA17}") = "Managing For Success", "Managing For Success\Managing For Success.dwproj", "{5B91EAEE-79D9-449A-B651-19C2EBDD2B2A}"
EndProject
Global
	GlobalSection(TeamFoundationVersionControl) = preSolution
		SccNumberOfProjects = 2
		SccEnterpriseProvider = {4CA58AB2-18FA-4F8D-95D4-32DDF27D184C}
		SccTeamFoundationServer = http://dev-tfs2012:8080/tfs/defaultcollection
		SccLocalPath0 = .
		SccProjectUniqueName1 = Managing\u0020For\u0020Success\\Managing\u0020For\u0020Success.dwproj
		SccProjectName1 = Managing\u0020For\u0020Success
		SccLocalPath1 = Managing\u0020For\u0020Success
	EndGlobalSection
	GlobalSection(SolutionConfigurationPlatforms) = preSolution
		Development|Default = Development|Default
	EndGlobalSection
	GlobalSection(ProjectConfigurationPlatforms) = postSolution
		{5B91EAEE-79D9-449A-B651-19C2EBDD2B2A}.Development|Default.ActiveCfg = Development
		{5B91EAEE-79D9-449A-B651-19C2EBDD2B2A}.Development|Default.Build.0 = Development
		{5B91EAEE-79D9-449A-B651-19C2EBDD2B2A}.Development|Default.Deploy.0 = Development
	EndGlobalSection
	GlobalSection(SolutionProperties) = preSolution
		HideSolutionNode = FALSE
	EndGlobalSection
EndGlobal
