
Microsoft Visual Studio Solution File, Format Version 11.00
# Visual Studio 2010
Project("{159641D6-6404-4A2A-AE62-294DE0FE8301}") = "Profit_Costs_Cube_Partitioning", "Profit_Costs_Cube_Partitioning\Profit_Costs_Cube_Partitioning.dtproj", "{32154953-0C68-43CB-BC1D-FDAAABA54E3F}"
EndProject
Global
	GlobalSection(SolutionConfigurationPlatforms) = preSolution
		Development|Default = Development|Default
	EndGlobalSection
	GlobalSection(ProjectConfigurationPlatforms) = postSolution
		{32154953-0C68-43CB-BC1D-FDAAABA54E3F}.Development|Default.ActiveCfg = Development
		{32154953-0C68-43CB-BC1D-FDAAABA54E3F}.Development|Default.Build.0 = Development
	EndGlobalSection
	GlobalSection(SolutionProperties) = preSolution
		HideSolutionNode = FALSE
	EndGlobalSection
EndGlobal
